
Microsoft Visual Studio Solution File, Format Version 12.00
# Visual Studio Version 16
VisualStudioVersion = 16.0.31727.386
MinimumVisualStudioVersion = 10.0.40219.1
Project("{8BC9CEB8-8B4A-11D0-8D11-00A0C91BC942}") = "Zad1", "Zad1\Zad1.vcxproj", "{37E3E315-967A-4704-AD94-541215B98B7C}"
EndProject
Project("{8BC9CEB8-8B4A-11D0-8D11-00A0C91BC942}") = "Zad2", "Zad2\Zad2.vcxproj", "{96EB5F64-7C19-433E-BF83-D034D68499EF}"
EndProject
Project("{8BC9CEB8-8B4A-11D0-8D11-00A0C91BC942}") = "Zad3", "Zad3\Zad3.vcxproj", "{37820AB4-904A-4576-9297-45D409A24604}"
EndProject
Project("{8BC9CEB8-8B4A-11D0-8D11-00A0C91BC942}") = "Zad4", "Zad4\Zad4.vcxproj", "{E0D096AE-9FF5-4864-AA91-138248F044B8}"
EndProject
Project("{8BC9CEB8-8B4A-11D0-8D11-00A0C91BC942}") = "Zad5", "Zad5\Zad5.vcxproj", "{3481B743-BBDB-4D76-973F-01FFE8981C10}"
EndProject
Project("{8BC9CEB8-8B4A-11D0-8D11-00A0C91BC942}") = "Zad6", "Zad6\Zad6.vcxproj", "{DFCCD806-4A87-4705-AD3F-F5B7680A1D1F}"
EndProject
Global
	GlobalSection(SolutionConfigurationPlatforms) = preSolution
		Debug|x64 = Debug|x64
		Debug|x86 = Debug|x86
		Release|x64 = Release|x64
		Release|x86 = Release|x86
	EndGlobalSection
	GlobalSection(ProjectConfigurationPlatforms) = postSolution
		{37E3E315-967A-4704-AD94-541215B98B7C}.Debug|x64.ActiveCfg = Debug|x64
		{37E3E315-967A-4704-AD94-541215B98B7C}.Debug|x64.Build.0 = Debug|x64
		{37E3E315-967A-4704-AD94-541215B98B7C}.Debug|x86.ActiveCfg = Debug|Win32
		{37E3E315-967A-4704-AD94-541215B98B7C}.Debug|x86.Build.0 = Debug|Win32
		{37E3E315-967A-4704-AD94-541215B98B7C}.Release|x64.ActiveCfg = Release|x64
		{37E3E315-967A-4704-AD94-541215B98B7C}.Release|x64.Build.0 = Release|x64
		{37E3E315-967A-4704-AD94-541215B98B7C}.Release|x86.ActiveCfg = Release|Win32
		{37E3E315-967A-4704-AD94-541215B98B7C}.Release|x86.Build.0 = Release|Win32
		{96EB5F64-7C19-433E-BF83-D034D68499EF}.Debug|x64.ActiveCfg = Debug|x64
		{96EB5F64-7C19-433E-BF83-D034D68499EF}.Debug|x64.Build.0 = Debug|x64
		{96EB5F64-7C19-433E-BF83-D034D68499EF}.Debug|x86.ActiveCfg = Debug|Win32
		{96EB5F64-7C19-433E-BF83-D034D68499EF}.Debug|x86.Build.0 = Debug|Win32
		{96EB5F64-7C19-433E-BF83-D034D68499EF}.Release|x64.ActiveCfg = Release|x64
		{96EB5F64-7C19-433E-BF83-D034D68499EF}.Release|x64.Build.0 = Release|x64
		{96EB5F64-7C19-433E-BF83-D034D68499EF}.Release|x86.ActiveCfg = Release|Win32
		{96EB5F64-7C19-433E-BF83-D034D68499EF}.Release|x86.Build.0 = Release|Win32
		{37820AB4-904A-4576-9297-45D409A24604}.Debug|x64.ActiveCfg = Debug|x64
		{37820AB4-904A-4576-9297-45D409A24604}.Debug|x64.Build.0 = Debug|x64
		{37820AB4-904A-4576-9297-45D409A24604}.Debug|x86.ActiveCfg = Debug|Win32
		{37820AB4-904A-4576-9297-45D409A24604}.Debug|x86.Build.0 = Debug|Win32
		{37820AB4-904A-4576-9297-45D409A24604}.Release|x64.ActiveCfg = Release|x64
		{37820AB4-904A-4576-9297-45D409A24604}.Release|x64.Build.0 = Release|x64
		{37820AB4-904A-4576-9297-45D409A24604}.Release|x86.ActiveCfg = Release|Win32
		{37820AB4-904A-4576-9297-45D409A24604}.Release|x86.Build.0 = Release|Win32
		{E0D096AE-9FF5-4864-AA91-138248F044B8}.Debug|x64.ActiveCfg = Debug|x64
		{E0D096AE-9FF5-4864-AA91-138248F044B8}.Debug|x64.Build.0 = Debug|x64
		{E0D096AE-9FF5-4864-AA91-138248F044B8}.Debug|x86.ActiveCfg = Debug|Win32
		{E0D096AE-9FF5-4864-AA91-138248F044B8}.Debug|x86.Build.0 = Debug|Win32
		{E0D096AE-9FF5-4864-AA91-138248F044B8}.Release|x64.ActiveCfg = Release|x64
		{E0D096AE-9FF5-4864-AA91-138248F044B8}.Release|x64.Build.0 = Release|x64
		{E0D096AE-9FF5-4864-AA91-138248F044B8}.Release|x86.ActiveCfg = Release|Win32
		{E0D096AE-9FF5-4864-AA91-138248F044B8}.Release|x86.Build.0 = Release|Win32
		{3481B743-BBDB-4D76-973F-01FFE8981C10}.Debug|x64.ActiveCfg = Debug|x64
		{3481B743-BBDB-4D76-973F-01FFE8981C10}.Debug|x64.Build.0 = Debug|x64
		{3481B743-BBDB-4D76-973F-01FFE8981C10}.Debug|x86.ActiveCfg = Debug|Win32
		{3481B743-BBDB-4D76-973F-01FFE8981C10}.Debug|x86.Build.0 = Debug|Win32
		{3481B743-BBDB-4D76-973F-01FFE8981C10}.Release|x64.ActiveCfg = Release|x64
		{3481B743-BBDB-4D76-973F-01FFE8981C10}.Release|x64.Build.0 = Release|x64
		{3481B743-BBDB-4D76-973F-01FFE8981C10}.Release|x86.ActiveCfg = Release|Win32
		{3481B743-BBDB-4D76-973F-01FFE8981C10}.Release|x86.Build.0 = Release|Win32
		{DFCCD806-4A87-4705-AD3F-F5B7680A1D1F}.Debug|x64.ActiveCfg = Debug|x64
		{DFCCD806-4A87-4705-AD3F-F5B7680A1D1F}.Debug|x64.Build.0 = Debug|x64
		{DFCCD806-4A87-4705-AD3F-F5B7680A1D1F}.Debug|x86.ActiveCfg = Debug|Win32
		{DFCCD806-4A87-4705-AD3F-F5B7680A1D1F}.Debug|x86.Build.0 = Debug|Win32
		{DFCCD806-4A87-4705-AD3F-F5B7680A1D1F}.Release|x64.ActiveCfg = Release|x64
		{DFCCD806-4A87-4705-AD3F-F5B7680A1D1F}.Release|x64.Build.0 = Release|x64
		{DFCCD806-4A87-4705-AD3F-F5B7680A1D1F}.Release|x86.ActiveCfg = Release|Win32
		{DFCCD806-4A87-4705-AD3F-F5B7680A1D1F}.Release|x86.Build.0 = Release|Win32
	EndGlobalSection
	GlobalSection(SolutionProperties) = preSolution
		HideSolutionNode = FALSE
	EndGlobalSection
	GlobalSection(ExtensibilityGlobals) = postSolution
		SolutionGuid = {AB965D3F-9CC1-41C7-9B56-14EA8D2A5563}
	EndGlobalSection
EndGlobal
